
Microsoft Visual Studio Solution File, Format Version 12.00
# Visual Studio 15
VisualStudioVersion = 15.0.28307.106
MinimumVisualStudioVersion = 10.0.40219.1
Project("{FAE04EC0-301F-11D3-BF4B-00C04F79EFBC}") = "Lab21", "Lab21\Lab21.csproj", "{155A4E46-BA61-461F-9EDE-A75F4D4C1CDC}"
EndProject
Global
	GlobalSection(SolutionConfigurationPlatforms) = preSolution
		Debug|Any CPU = Debug|Any CPU
		Release|Any CPU = Release|Any CPU
	EndGlobalSection
	GlobalSection(ProjectConfigurationPlatforms) = postSolution
		{155A4E46-BA61-461F-9EDE-A75F4D4C1CDC}.Debug|Any CPU.ActiveCfg = Debug|Any CPU
		{155A4E46-BA61-461F-9EDE-A75F4D4C1CDC}.Debug|Any CPU.Build.0 = Debug|Any CPU
		{155A4E46-BA61-461F-9EDE-A75F4D4C1CDC}.Release|Any CPU.ActiveCfg = Release|Any CPU
		{155A4E46-BA61-461F-9EDE-A75F4D4C1CDC}.Release|Any CPU.Build.0 = Release|Any CPU
	EndGlobalSection
	GlobalSection(SolutionProperties) = preSolution
		HideSolutionNode = FALSE
	EndGlobalSection
	GlobalSection(ExtensibilityGlobals) = postSolution
		SolutionGuid = {FB8ABA51-E5AF-4C61-AD7D-CB4483A44C80}
	EndGlobalSection
EndGlobal
